
Microsoft Visual Studio Solution File, Format Version 12.00
# Visual Studio Version 16
VisualStudioVersion = 16.0.28803.202
MinimumVisualStudioVersion = 10.0.40219.1
Project("{FAE04EC0-301F-11D3-BF4B-00C04F79EFBC}") = "MilkTeaManager", "MilkTeaManager\MilkTeaManager.csproj", "{711BD467-45AF-4CA7-B9FD-5B9810B5E7E7}"
EndProject
Project("{FAE04EC0-301F-11D3-BF4B-00C04F79EFBC}") = "BaseMVVM_Service", "BaseMVVM_Service\BaseMVVM_Service.csproj", "{7E11786A-F16C-4AF2-A654-33E0B0EF43C6}"
EndProject
Global
	GlobalSection(SolutionConfigurationPlatforms) = preSolution
		Debug|Any CPU = Debug|Any CPU
		Debug|x86 = Debug|x86
		Release|Any CPU = Release|Any CPU
		Release|x86 = Release|x86
	EndGlobalSection
	GlobalSection(ProjectConfigurationPlatforms) = postSolution
		{711BD467-45AF-4CA7-B9FD-5B9810B5E7E7}.Debug|Any CPU.ActiveCfg = Release|Any CPU
		{711BD467-45AF-4CA7-B9FD-5B9810B5E7E7}.Debug|Any CPU.Build.0 = Release|Any CPU
		{711BD467-45AF-4CA7-B9FD-5B9810B5E7E7}.Debug|x86.ActiveCfg = Debug|Any CPU
		{711BD467-45AF-4CA7-B9FD-5B9810B5E7E7}.Debug|x86.Build.0 = Debug|Any CPU
		{711BD467-45AF-4CA7-B9FD-5B9810B5E7E7}.Release|Any CPU.ActiveCfg = Release|Any CPU
		{711BD467-45AF-4CA7-B9FD-5B9810B5E7E7}.Release|Any CPU.Build.0 = Release|Any CPU
		{711BD467-45AF-4CA7-B9FD-5B9810B5E7E7}.Release|x86.ActiveCfg = Release|Any CPU
		{711BD467-45AF-4CA7-B9FD-5B9810B5E7E7}.Release|x86.Build.0 = Release|Any CPU
		{7E11786A-F16C-4AF2-A654-33E0B0EF43C6}.Debug|Any CPU.ActiveCfg = Debug|Any CPU
		{7E11786A-F16C-4AF2-A654-33E0B0EF43C6}.Debug|Any CPU.Build.0 = Debug|Any CPU
		{7E11786A-F16C-4AF2-A654-33E0B0EF43C6}.Debug|x86.ActiveCfg = Debug|x86
		{7E11786A-F16C-4AF2-A654-33E0B0EF43C6}.Debug|x86.Build.0 = Debug|x86
		{7E11786A-F16C-4AF2-A654-33E0B0EF43C6}.Release|Any CPU.ActiveCfg = Release|Any CPU
		{7E11786A-F16C-4AF2-A654-33E0B0EF43C6}.Release|Any CPU.Build.0 = Release|Any CPU
		{7E11786A-F16C-4AF2-A654-33E0B0EF43C6}.Release|x86.ActiveCfg = Release|x86
		{7E11786A-F16C-4AF2-A654-33E0B0EF43C6}.Release|x86.Build.0 = Release|x86
	EndGlobalSection
	GlobalSection(SolutionProperties) = preSolution
		HideSolutionNode = FALSE
	EndGlobalSection
	GlobalSection(ExtensibilityGlobals) = postSolution
		SolutionGuid = {BD019779-7BBD-4747-B6A7-8F266EFBBB13}
	EndGlobalSection
EndGlobal
